// !$*UTF8*$!
{
	archiveVersion = 1;
	classes = {
	};
	objectVersion = 46;
	objects = {

/* Begin PBXBuildFile section */
		71225C141F1E0DC900F38273 /* AppDelegate.swift in Sources */ = {isa = PBXBuildFile; fileRef = 71225C131F1E0DC900F38273 /* AppDelegate.swift */; };
		71225C161F1E0DC900F38273 /* GameScene.sks in Resources */ = {isa = PBXBuildFile; fileRef = 71225C151F1E0DC900F38273 /* GameScene.sks */; };
		71225C181F1E0DC900F38273 /* Actions.sks in Resources */ = {isa = PBXBuildFile; fileRef = 71225C171F1E0DC900F38273 /* Actions.sks */; };
		71225C1A1F1E0DC900F38273 /* GameScene.swift in Sources */ = {isa = PBXBuildFile; fileRef = 71225C191F1E0DC900F38273 /* GameScene.swift */; };
		71225C1C1F1E0DC900F38273 /* GameViewController.swift in Sources */ = {isa = PBXBuildFile; fileRef = 71225C1B1F1E0DC900F38273 /* GameViewController.swift */; };
		71225C1F1F1E0DC900F38273 /* Main.storyboard in Resources */ = {isa = PBXBuildFile; fileRef = 71225C1D1F1E0DC900F38273 /* Main.storyboard */; };
		71225C211F1E0DC900F38273 /* Assets.xcassets in Resources */ = {isa = PBXBuildFile; fileRef = 71225C201F1E0DC900F38273 /* Assets.xcassets */; };
		71225C241F1E0DC900F38273 /* LaunchScreen.storyboard in Resources */ = {isa = PBXBuildFile; fileRef = 71225C221F1E0DC900F38273 /* LaunchScreen.storyboard */; };
		F29A60F5A6721FD262767D8E /* Pods_SkillGameKit.framework in Frameworks */ = {isa = PBXBuildFile; fileRef = 681CA900BBA880DA244C0178 /* Pods_SkillGameKit.framework */; };
/* End PBXBuildFile section */

/* Begin PBXFileReference section */
		4B7233BA38525D25BE36CFA2 /* Pods-SkillGameKit.release.xcconfig */ = {isa = PBXFileReference; includeInIndex = 1; lastKnownFileType = text.xcconfig; name = "Pods-SkillGameKit.release.xcconfig"; path = "Pods/Target Support Files/Pods-SkillGameKit/Pods-SkillGameKit.release.xcconfig"; sourceTree = "<group>"; };
		681CA900BBA880DA244C0178 /* Pods_SkillGameKit.framework */ = {isa = PBXFileReference; explicitFileType = wrapper.framework; includeInIndex = 0; path = Pods_SkillGameKit.framework; sourceTree = BUILT_PRODUCTS_DIR; };
		71225C101F1E0DC900F38273 /* SkillGameKit.app */ = {isa = PBXFileReference; explicitFileType = wrapper.application; includeInIndex = 0; path = SkillGameKit.app; sourceTree = BUILT_PRODUCTS_DIR; };
		71225C131F1E0DC900F38273 /* AppDelegate.swift */ = {isa = PBXFileReference; lastKnownFileType = sourcecode.swift; path = AppDelegate.swift; sourceTree = "<group>"; };
		71225C151F1E0DC900F38273 /* GameScene.sks */ = {isa = PBXFileReference; lastKnownFileType = file.sks; path = GameScene.sks; sourceTree = "<group>"; };
		71225C171F1E0DC900F38273 /* Actions.sks */ = {isa = PBXFileReference; lastKnownFileType = file.sks; path = Actions.sks; sourceTree = "<group>"; };
		71225C191F1E0DC900F38273 /* GameScene.swift */ = {isa = PBXFileReference; lastKnownFileType = sourcecode.swift; path = GameScene.swift; sourceTree = "<group>"; };
		71225C1B1F1E0DC900F38273 /* GameViewController.swift */ = {isa = PBXFileReference; lastKnownFileType = sourcecode.swift; path = GameViewController.swift; sourceTree = "<group>"; };
		71225C1E1F1E0DC900F38273 /* Base */ = {isa = PBXFileReference; lastKnownFileType = file.storyboard; name = Base; path = Base.lproj/Main.storyboard; sourceTree = "<group>"; };
		71225C201F1E0DC900F38273 /* Assets.xcassets */ = {isa = PBXFileReference; lastKnownFileType = folder.assetcatalog; path = Assets.xcassets; sourceTree = "<group>"; };
		71225C231F1E0DC900F38273 /* Base */ = {isa = PBXFileReference; lastKnownFileType = file.storyboard; name = Base; path = Base.lproj/LaunchScreen.storyboard; sourceTree = "<group>"; };
		71225C251F1E0DC900F38273 /* Info.plist */ = {isa = PBXFileReference; lastKnownFileType = text.plist.xml; path = Info.plist; sourceTree = "<group>"; };
		89A0CD5F8F7FC08622C40C50 /* Pods-SkillGameKit.debug.xcconfig */ = {isa = PBXFileReference; includeInIndex = 1; lastKnownFileType = text.xcconfig; name = "Pods-SkillGameKit.debug.xcconfig"; path = "Pods/Target Support Files/Pods-SkillGameKit/Pods-SkillGameKit.debug.xcconfig"; sourceTree = "<group>"; };
/* End PBXFileReference section */

/* Begin PBXFrameworksBuildPhase section */
		71225C0D1F1E0DC900F38273 /* Frameworks */ = {
			isa = PBXFrameworksBuildPhase;
			buildActionMask = 2147483647;
			files = (
				F29A60F5A6721FD262767D8E /* Pods_SkillGameKit.framework in Frameworks */,
			);
			runOnlyForDeploymentPostprocessing = 0;
		};
/* End PBXFrameworksBuildPhase section */

/* Begin PBXGroup section */
		3200F68BCC90F340EB2A8AB6 /* Frameworks */ = {
			isa = PBXGroup;
			children = (
				681CA900BBA880DA244C0178 /* Pods_SkillGameKit.framework */,
			);
			name = Frameworks;
			sourceTree = "<group>";
		};
		71225C071F1E0DC800F38273 = {
			isa = PBXGroup;
			children = (
				71225C121F1E0DC900F38273 /* SkillGameKit */,
				71225C111F1E0DC900F38273 /* Products */,
				C668CDA8BDB869AD11BB07F7 /* Pods */,
				3200F68BCC90F340EB2A8AB6 /* Frameworks */,
			);
			sourceTree = "<group>";
		};
		71225C111F1E0DC900F38273 /* Products */ = {
			isa = PBXGroup;
			children = (
				71225C101F1E0DC900F38273 /* SkillGameKit.app */,
			);
			name = Products;
			sourceTree = "<group>";
		};
		71225C121F1E0DC900F38273 /* SkillGameKit */ = {
			isa = PBXGroup;
			children = (
				71225C131F1E0DC900F38273 /* AppDelegate.swift */,
				71225C151F1E0DC900F38273 /* GameScene.sks */,
				71225C171F1E0DC900F38273 /* Actions.sks */,
				71225C191F1E0DC900F38273 /* GameScene.swift */,
				71225C1B1F1E0DC900F38273 /* GameViewController.swift */,
				71225C1D1F1E0DC900F38273 /* Main.storyboard */,
				71225C201F1E0DC900F38273 /* Assets.xcassets */,
				71225C221F1E0DC900F38273 /* LaunchScreen.storyboard */,
				71225C251F1E0DC900F38273 /* Info.plist */,
			);
			path = SkillGameKit;
			sourceTree = "<group>";
		};
		C668CDA8BDB869AD11BB07F7 /* Pods */ = {
			isa = PBXGroup;
			children = (
				89A0CD5F8F7FC08622C40C50 /* Pods-SkillGameKit.debug.xcconfig */,
				4B7233BA38525D25BE36CFA2 /* Pods-SkillGameKit.release.xcconfig */,
			);
			name = Pods;
			sourceTree = "<group>";
		};
/* End PBXGroup section */

/* Begin PBXNativeTarget section */
		71225C0F1F1E0DC900F38273 /* SkillGameKit */ = {
			isa = PBXNativeTarget;
			buildConfigurationList = 71225C281F1E0DC900F38273 /* Build configuration list for PBXNativeTarget "SkillGameKit" */;
			buildPhases = (
				1BF42F236F25C1ADA43AB790 /* [CP] Check Pods Manifest.lock */,
				71225C0C1F1E0DC900F38273 /* Sources */,
				71225C0D1F1E0DC900F38273 /* Frameworks */,
				71225C0E1F1E0DC900F38273 /* Resources */,
				F649B6169CE1695193BBC7B8 /* [CP] Embed Pods Frameworks */,
				67359029A9C7FF06D9944FE8 /* [CP] Copy Pods Resources */,
			);
			buildRules = (
			);
			dependencies = (
			);
			name = SkillGameKit;
			productName = SkillGameKit;
			productReference = 71225C101F1E0DC900F38273 /* SkillGameKit.app */;
			productType = "com.apple.product-type.application";
		};
/* End PBXNativeTarget section */

/* Begin PBXProject section */
		71225C081F1E0DC800F38273 /* Project object */ = {
			isa = PBXProject;
			attributes = {
				LastSwiftUpdateCheck = 0830;
				LastUpgradeCheck = 0830;
				ORGANIZATIONNAME = adeveloper;
				TargetAttributes = {
					71225C0F1F1E0DC900F38273 = {
						CreatedOnToolsVersion = 8.3.3;
						DevelopmentTeam = RF42FG352F;
						ProvisioningStyle = Automatic;
					};
				};
			};
			buildConfigurationList = 71225C0B1F1E0DC800F38273 /* Build configuration list for PBXProject "SkillGameKit" */;
			compatibilityVersion = "Xcode 3.2";
			developmentRegion = English;
			hasScannedForEncodings = 0;
			knownRegions = (
				en,
				Base,
			);
			mainGroup = 71225C071F1E0DC800F38273;
			productRefGroup = 71225C111F1E0DC900F38273 /* Products */;
			projectDirPath = "";
			projectRoot = "";
			targets = (
				71225C0F1F1E0DC900F38273 /* SkillGameKit */,
			);
		};
/* End PBXProject section */

/* Begin PBXResourcesBuildPhase section */
		71225C0E1F1E0DC900F38273 /* Resources */ = {
			isa = PBXResourcesBuildPhase;
			buildActionMask = 2147483647;
			files = (
				71225C1F1F1E0DC900F38273 /* Main.storyboard in Resources */,
				71225C161F1E0DC900F38273 /* GameScene.sks in Resources */,
				71225C211F1E0DC900F38273 /* Assets.xcassets in Resources */,
				71225C241F1E0DC900F38273 /* LaunchScreen.storyboard in Resources */,
				71225C181F1E0DC900F38273 /* Actions.sks in Resources */,
			);
			runOnlyForDeploymentPostprocessing = 0;
		};
/* End PBXResourcesBuildPhase section */

/* Begin PBXShellScriptBuildPhase section */
		1BF42F236F25C1ADA43AB790 /* [CP] Check Pods Manifest.lock */ = {
			isa = PBXShellScriptBuildPhase;
			buildActionMask = 2147483647;
			files = (
			);
			inputPaths = (
			);
			name = "[CP] Check Pods Manifest.lock";
			outputPaths = (
			);
			runOnlyForDeploymentPostprocessing = 0;
			shellPath = /bin/sh;
			shellScript = "diff \"${PODS_PODFILE_DIR_PATH}/Podfile.lock\" \"${PODS_ROOT}/Manifest.lock\" > /dev/null\nif [ $? != 0 ] ; then\n    # print error to STDERR\n    echo \"error: The sandbox is not in sync with the Podfile.lock. Run 'pod install' or update your CocoaPods installation.\" >&2\n    exit 1\nfi\n";
			showEnvVarsInLog = 0;
		};
		67359029A9C7FF06D9944FE8 /* [CP] Copy Pods Resources */ = {
			isa = PBXShellScriptBuildPhase;
			buildActionMask = 2147483647;
			files = (
			);
			inputPaths = (
			);
			name = "[CP] Copy Pods Resources";
			outputPaths = (
			);
			runOnlyForDeploymentPostprocessing = 0;
			shellPath = /bin/sh;
			shellScript = "\"${SRCROOT}/Pods/Target Support Files/Pods-SkillGameKit/Pods-SkillGameKit-resources.sh\"\n";
			showEnvVarsInLog = 0;
		};
		F649B6169CE1695193BBC7B8 /* [CP] Embed Pods Frameworks */ = {
			isa = PBXShellScriptBuildPhase;
			buildActionMask = 2147483647;
			files = (
			);
			inputPaths = (
			);
			name = "[CP] Embed Pods Frameworks";
			outputPaths = (
			);
			runOnlyForDeploymentPostprocessing = 0;
			shellPath = /bin/sh;
			shellScript = "\"${SRCROOT}/Pods/Target Support Files/Pods-SkillGameKit/Pods-SkillGameKit-frameworks.sh\"\n";
			showEnvVarsInLog = 0;
		};
/* End PBXShellScriptBuildPhase section */

/* Begin PBXSourcesBuildPhase section */
		71225C0C1F1E0DC900F38273 /* Sources */ = {
			isa = PBXSourcesBuildPhase;
			buildActionMask = 2147483647;
			files = (
				71225C1A1F1E0DC900F38273 /* GameScene.swift in Sources */,
				71225C1C1F1E0DC900F38273 /* GameViewController.swift in Sources */,
				71225C141F1E0DC900F38273 /* AppDelegate.swift in Sources */,
			);
			runOnlyForDeploymentPostprocessing = 0;
		};
/* End PBXSourcesBuildPhase section */

/* Begin PBXVariantGroup section */
		71225C1D1F1E0DC900F38273 /* Main.storyboard */ = {
			isa = PBXVariantGroup;
			children = (
				71225C1E1F1E0DC900F38273 /* Base */,
			);
			name = Main.storyboard;
			sourceTree = "<group>";
		};
		71225C221F1E0DC900F38273 /* LaunchScreen.storyboard */ = {
			isa = PBXVariantGroup;
			children = (
				71225C231F1E0DC900F38273 /* Base */,
			);
			name = LaunchScreen.storyboard;
			sourceTree = "<group>";
		};
/* End PBXVariantGroup section */

/* Begin XCBuildConfiguration section */
		71225C261F1E0DC900F38273 /* Debug */ = {
			isa = XCBuildConfiguration;
			buildSettings = {
				ALWAYS_SEARCH_USER_PATHS = NO;
				CLANG_ANALYZER_NONNULL = YES;
				CLANG_ANALYZER_NUMBER_OBJECT_CONVERSION = YES_AGGRESSIVE;
				CLANG_CXX_LANGUAGE_STANDARD = "gnu++0x";
				CLANG_CXX_LIBRARY = "libc++";
				CLANG_ENABLE_MODULES = YES;
				CLANG_ENABLE_OBJC_ARC = YES;
				CLANG_WARN_BOOL_CONVERSION = YES;
				CLANG_WARN_CONSTANT_CONVERSION = YES;
				CLANG_WARN_DIRECT_OBJC_ISA_USAGE = YES_ERROR;
				CLANG_WARN_DOCUMENTATION_COMMENTS = YES;
				CLANG_WARN_EMPTY_BODY = YES;
				CLANG_WARN_ENUM_CONVERSION = YES;
				CLANG_WARN_INFINITE_RECURSION = YES;
				CLANG_WARN_INT_CONVERSION = YES;
				CLANG_WARN_OBJC_ROOT_CLASS = YES_ERROR;
				CLANG_WARN_SUSPICIOUS_MOVE = YES;
				CLANG_WARN_UNREACHABLE_CODE = YES;
				CLANG_WARN__DUPLICATE_METHOD_MATCH = YES;
				"CODE_SIGN_IDENTITY[sdk=iphoneos*]" = "iPhone Developer";
				COPY_PHASE_STRIP = NO;
				DEBUG_INFORMATION_FORMAT = dwarf;
				ENABLE_STRICT_OBJC_MSGSEND = YES;
				ENABLE_TESTABILITY = YES;
				GCC_C_LANGUAGE_STANDARD = gnu99;
				GCC_DYNAMIC_NO_PIC = NO;
				GCC_NO_COMMON_BLOCKS = YES;
				GCC_OPTIMIZATION_LEVEL = 0;
				GCC_PREPROCESSOR_DEFINITIONS = (
					"DEBUG=1",
					"$(inherited)",
				);
				GCC_WARN_64_TO_32_BIT_CONVERSION = YES;
				GCC_WARN_ABOUT_RETURN_TYPE = YES_ERROR;
				GCC_WARN_UNDECLARED_SELECTOR = YES;
				GCC_WARN_UNINITIALIZED_AUTOS = YES_AGGRESSIVE;
				GCC_WARN_UNUSED_FUNCTION = YES;
				GCC_WARN_UNUSED_VARIABLE = YES;
				IPHONEOS_DEPLOYMENT_TARGET = 10.3;
				MTL_ENABLE_DEBUG_INFO = YES;
				ONLY_ACTIVE_ARCH = YES;
				SDKROOT = iphoneos;
				SWIFT_ACTIVE_COMPILATION_CONDITIONS = DEBUG;
				SWIFT_OPTIMIZATION_LEVEL = "-Onone";
				TARGETED_DEVICE_FAMILY = "1,2";
			};
			name = Debug;
		};
		71225C271F1E0DC900F38273 /* Release */ = {
			isa = XCBuildConfiguration;
			buildSettings = {
				ALWAYS_SEARCH_USER_PATHS = NO;
				CLANG_ANALYZER_NONNULL = YES;
				CLANG_ANALYZER_NUMBER_OBJECT_CONVERSION = YES_AGGRESSIVE;
				CLANG_CXX_LANGUAGE_STANDARD = "gnu++0x";
				CLANG_CXX_LIBRARY = "libc++";
				CLANG_ENABLE_MODULES = YES;
				CLANG_ENABLE_OBJC_ARC = YES;
				CLANG_WARN_BOOL_CONVERSION = YES;
				CLANG_WARN_CONSTANT_CONVERSION = YES;
				CLANG_WARN_DIRECT_OBJC_ISA_USAGE = YES_ERROR;
				CLANG_WARN_DOCUMENTATION_COMMENTS = YES;
				CLANG_WARN_EMPTY_BODY = YES;
				CLANG_WARN_ENUM_CONVERSION = YES;
				CLANG_WARN_INFINITE_RECURSION = YES;
				CLANG_WARN_INT_CONVERSION = YES;
				CLANG_WARN_OBJC_ROOT_CLASS = YES_ERROR;
				CLANG_WARN_SUSPICIOUS_MOVE = YES;
				CLANG_WARN_UNREACHABLE_CODE = YES;
				CLANG_WARN__DUPLICATE_METHOD_MATCH = YES;
				"CODE_SIGN_IDENTITY[sdk=iphoneos*]" = "iPhone Developer";
				COPY_PHASE_STRIP = NO;
				DEBUG_INFORMATION_FORMAT = "dwarf-with-dsym";
				ENABLE_NS_ASSERTIONS = NO;
				ENABLE_STRICT_OBJC_MSGSEND = YES;
				GCC_C_LANGUAGE_STANDARD = gnu99;
				GCC_NO_COMMON_BLOCKS = YES;
				GCC_WARN_64_TO_32_BIT_CONVERSION = YES;
				GCC_WARN_ABOUT_RETURN_TYPE = YES_ERROR;
				GCC_WARN_UNDECLARED_SELECTOR = YES;
				GCC_WARN_UNINITIALIZED_AUTOS = YES_AGGRESSIVE;
				GCC_WARN_UNUSED_FUNCTION = YES;
				GCC_WARN_UNUSED_VARIABLE = YES;
				IPHONEOS_DEPLOYMENT_TARGET = 10.3;
				MTL_ENABLE_DEBUG_INFO = NO;
				SDKROOT = iphoneos;
				SWIFT_OPTIMIZATION_LEVEL = "-Owholemodule";
				TARGETED_DEVICE_FAMILY = "1,2";
				VALIDATE_PRODUCT = YES;
			};
			name = Release;
		};
		71225C291F1E0DC900F38273 /* Debug */ = {
			isa = XCBuildConfiguration;
			baseConfigurationReference = 89A0CD5F8F7FC08622C40C50 /* Pods-SkillGameKit.debug.xcconfig */;
			buildSettings = {
				ASSETCATALOG_COMPILER_APPICON_NAME = AppIcon;
				DEVELOPMENT_TEAM = RF42FG352F;
				INFOPLIST_FILE = SkillGameKit/Info.plist;
				IPHONEOS_DEPLOYMENT_TARGET = 10.3;
				LD_RUNPATH_SEARCH_PATHS = "$(inherited) @executable_path/Frameworks";
				PRODUCT_BUNDLE_IDENTIFIER = adeveloper.SkillGameKit;
				PRODUCT_NAME = "$(TARGET_NAME)";
				SWIFT_VERSION = 3.0;
			};
			name = Debug;
		};
		71225C2A1F1E0DC900F38273 /* Release */ = {
			isa = XCBuildConfiguration;
			baseConfigurationReference = 4B7233BA38525D25BE36CFA2 /* Pods-SkillGameKit.release.xcconfig */;
			buildSettings = {
				ASSETCATALOG_COMPILER_APPICON_NAME = AppIcon;
				DEVELOPMENT_TEAM = RF42FG352F;
				INFOPLIST_FILE = SkillGameKit/Info.plist;
				IPHONEOS_DEPLOYMENT_TARGET = 10.3;
				LD_RUNPATH_SEARCH_PATHS = "$(inherited) @executable_path/Frameworks";
				PRODUCT_BUNDLE_IDENTIFIER = adeveloper.SkillGameKit;
				PRODUCT_NAME = "$(TARGET_NAME)";
				SWIFT_VERSION = 3.0;
			};
			name = Release;
		};
/* End XCBuildConfiguration section */

/* Begin XCConfigurationList section */
		71225C0B1F1E0DC800F38273 /* Build configuration list for PBXProject "SkillGameKit" */ = {
			isa = XCConfigurationList;
			buildConfigurations = (
				71225C261F1E0DC900F38273 /* Debug */,
				71225C271F1E0DC900F38273 /* Release */,
			);
			defaultConfigurationIsVisible = 0;
			defaultConfigurationName = Release;
		};
		71225C281F1E0DC900F38273 /* Build configuration list for PBXNativeTarget "SkillGameKit" */ = {
			isa = XCConfigurationList;
			buildConfigurations = (
				71225C291F1E0DC900F38273 /* Debug */,
				71225C2A1F1E0DC900F38273 /* Release */,
			);
			defaultConfigurationIsVisible = 0;
		};
/* End XCConfigurationList section */
	};
	rootObject = 71225C081F1E0DC800F38273 /* Project object */;
}
